// !$*UTF8*$!
{
	archiveVersion = 1;
	classes = {
	};
	objectVersion = 46;
	objects = {

/* Begin PBXBuildFile section */
		28359EDC19D7DFB700BA87AF /* AppDelegate.swift in Sources */ = {isa = PBXBuildFile; fileRef = 28359EDB19D7DFB700BA87AF /* AppDelegate.swift */; };
		28359EDE19D7DFB700BA87AF /* ViewController.swift in Sources */ = {isa = PBXBuildFile; fileRef = 28359EDD19D7DFB700BA87AF /* ViewController.swift */; };
		28359EE119D7DFB700BA87AF /* Main.storyboard in Resources */ = {isa = PBXBuildFile; fileRef = 28359EDF19D7DFB700BA87AF /* Main.storyboard */; };
		28359EE319D7DFB700BA87AF /* Images.xcassets in Resources */ = {isa = PBXBuildFile; fileRef = 28359EE219D7DFB700BA87AF /* Images.xcassets */; };
		28359EEF19D7DFB700BA87AF /* SwiftTableVieweTests.swift in Sources */ = {isa = PBXBuildFile; fileRef = 28359EEE19D7DFB700BA87AF /* SwiftTableVieweTests.swift */; };
/* End PBXBuildFile section */

/* Begin PBXContainerItemProxy section */
		28359EE919D7DFB700BA87AF /* PBXContainerItemProxy */ = {
			isa = PBXContainerItemProxy;
			containerPortal = 28359ECE19D7DFB700BA87AF /* Project object */;
			proxyType = 1;
			remoteGlobalIDString = 28359ED519D7DFB700BA87AF;
			remoteInfo = SwiftTableViewe;
		};
/* End PBXContainerItemProxy section */

/* Begin PBXFileReference section */
		28359ED619D7DFB700BA87AF /* SwiftTableViewe.app */ = {isa = PBXFileReference; explicitFileType = wrapper.application; includeInIndex = 0; path = SwiftTableViewe.app; sourceTree = BUILT_PRODUCTS_DIR; };
		28359EDA19D7DFB700BA87AF /* Info.plist */ = {isa = PBXFileReference; lastKnownFileType = text.plist.xml; path = Info.plist; sourceTree = "<group>"; };
		28359EDB19D7DFB700BA87AF /* AppDelegate.swift */ = {isa = PBXFileReference; lastKnownFileType = sourcecode.swift; path = AppDelegate.swift; sourceTree = "<group>"; };
		28359EDD19D7DFB700BA87AF /* ViewController.swift */ = {isa = PBXFileReference; lastKnownFileType = sourcecode.swift; path = ViewController.swift; sourceTree = "<group>"; };
		28359EE019D7DFB700BA87AF /* Base */ = {isa = PBXFileReference; lastKnownFileType = file.storyboard; name = Base; path = Base.lproj/Main.storyboard; sourceTree = "<group>"; };
		28359EE219D7DFB700BA87AF /* Images.xcassets */ = {isa = PBXFileReference; lastKnownFileType = folder.assetcatalog; path = Images.xcassets; sourceTree = "<group>"; };
		28359EE819D7DFB700BA87AF /* SwiftTableVieweTests.xctest */ = {isa = PBXFileReference; explicitFileType = wrapper.cfbundle; includeInIndex = 0; path = SwiftTableVieweTests.xctest; sourceTree = BUILT_PRODUCTS_DIR; };
		28359EED19D7DFB700BA87AF /* Info.plist */ = {isa = PBXFileReference; lastKnownFileType = text.plist.xml; path = Info.plist; sourceTree = "<group>"; };
		28359EEE19D7DFB700BA87AF /* SwiftTableVieweTests.swift */ = {isa = PBXFileReference; lastKnownFileType = sourcecode.swift; path = SwiftTableVieweTests.swift; sourceTree = "<group>"; };
/* End PBXFileReference section */

/* Begin PBXFrameworksBuildPhase section */
		28359ED319D7DFB700BA87AF /* Frameworks */ = {
			isa = PBXFrameworksBuildPhase;
			buildActionMask = 2147483647;
			files = (
			);
			runOnlyForDeploymentPostprocessing = 0;
		};
		28359EE519D7DFB700BA87AF /* Frameworks */ = {
			isa = PBXFrameworksBuildPhase;
			buildActionMask = 2147483647;
			files = (
			);
			runOnlyForDeploymentPostprocessing = 0;
		};
/* End PBXFrameworksBuildPhase section */

/* Begin PBXGroup section */
		28359ECD19D7DFB700BA87AF = {
			isa = PBXGroup;
			children = (
				28359ED819D7DFB700BA87AF /* SwiftTableViewe */,
				28359EEB19D7DFB700BA87AF /* SwiftTableVieweTests */,
				28359ED719D7DFB700BA87AF /* Products */,
			);
			sourceTree = "<group>";
		};
		28359ED719D7DFB700BA87AF /* Products */ = {
			isa = PBXGroup;
			children = (
				28359ED619D7DFB700BA87AF /* SwiftTableViewe.app */,
				28359EE819D7DFB700BA87AF /* SwiftTableVieweTests.xctest */,
			);
			name = Products;
			sourceTree = "<group>";
		};
		28359ED819D7DFB700BA87AF /* SwiftTableViewe */ = {
			isa = PBXGroup;
			children = (
				28359EDB19D7DFB700BA87AF /* AppDelegate.swift */,
				28359EDD19D7DFB700BA87AF /* ViewController.swift */,
				28359EDF19D7DFB700BA87AF /* Main.storyboard */,
				28359EE219D7DFB700BA87AF /* Images.xcassets */,
				28359ED919D7DFB700BA87AF /* Supporting Files */,
			);
			path = SwiftTableViewe;
			sourceTree = "<group>";
		};
		28359ED919D7DFB700BA87AF /* Supporting Files */ = {
			isa = PBXGroup;
			children = (
				28359EDA19D7DFB700BA87AF /* Info.plist */,
			);
			name = "Supporting Files";
			sourceTree = "<group>";
		};
		28359EEB19D7DFB700BA87AF /* SwiftTableVieweTests */ = {
			isa = PBXGroup;
			children = (
				28359EEE19D7DFB700BA87AF /* SwiftTableVieweTests.swift */,
				28359EEC19D7DFB700BA87AF /* Supporting Files */,
			);
			path = SwiftTableVieweTests;
			sourceTree = "<group>";
		};
		28359EEC19D7DFB700BA87AF /* Supporting Files */ = {
			isa = PBXGroup;
			children = (
				28359EED19D7DFB700BA87AF /* Info.plist */,
			);
			name = "Supporting Files";
			sourceTree = "<group>";
		};
/* End PBXGroup section */

/* Begin PBXNativeTarget section */
		28359ED519D7DFB700BA87AF /* SwiftTableViewe */ = {
			isa = PBXNativeTarget;
			buildConfigurationList = 28359EF219D7DFB700BA87AF /* Build configuration list for PBXNativeTarget "SwiftTableViewe" */;
			buildPhases = (
				28359ED219D7DFB700BA87AF /* Sources */,
				28359ED319D7DFB700BA87AF /* Frameworks */,
				28359ED419D7DFB700BA87AF /* Resources */,
			);
			buildRules = (
			);
			dependencies = (
			);
			name = SwiftTableViewe;
			productName = SwiftTableViewe;
			productReference = 28359ED619D7DFB700BA87AF /* SwiftTableViewe.app */;
			productType = "com.apple.product-type.application";
		};
		28359EE719D7DFB700BA87AF /* SwiftTableVieweTests */ = {
			isa = PBXNativeTarget;
			buildConfigurationList = 28359EF519D7DFB700BA87AF /* Build configuration list for PBXNativeTarget "SwiftTableVieweTests" */;
			buildPhases = (
				28359EE419D7DFB700BA87AF /* Sources */,
				28359EE519D7DFB700BA87AF /* Frameworks */,
				28359EE619D7DFB700BA87AF /* Resources */,
			);
			buildRules = (
			);
			dependencies = (
				28359EEA19D7DFB700BA87AF /* PBXTargetDependency */,
			);
			name = SwiftTableVieweTests;
			productName = SwiftTableVieweTests;
			productReference = 28359EE819D7DFB700BA87AF /* SwiftTableVieweTests.xctest */;
			productType = "com.apple.product-type.bundle.unit-test";
		};
/* End PBXNativeTarget section */

/* Begin PBXProject section */
		28359ECE19D7DFB700BA87AF /* Project object */ = {
			isa = PBXProject;
			attributes = {
				LastUpgradeCheck = 0600;
				ORGANIZATIONNAME = vishva;
				TargetAttributes = {
					28359ED519D7DFB700BA87AF = {
						CreatedOnToolsVersion = 6.0;
					};
					28359EE719D7DFB700BA87AF = {
						CreatedOnToolsVersion = 6.0;
						TestTargetID = 28359ED519D7DFB700BA87AF;
					};
				};
			};
			buildConfigurationList = 28359ED119D7DFB700BA87AF /* Build configuration list for PBXProject "SwiftTableViewe" */;
			compatibilityVersion = "Xcode 3.2";
			developmentRegion = English;
			hasScannedForEncodings = 0;
			knownRegions = (
				en,
				Base,
			);
			mainGroup = 28359ECD19D7DFB700BA87AF;
			productRefGroup = 28359ED719D7DFB700BA87AF /* Products */;
			projectDirPath = "";
			projectRoot = "";
			targets = (
				28359ED519D7DFB700BA87AF /* SwiftTableViewe */,
				28359EE719D7DFB700BA87AF /* SwiftTableVieweTests */,
			);
		};
/* End PBXProject section */

/* Begin PBXResourcesBuildPhase section */
		28359ED419D7DFB700BA87AF /* Resources */ = {
			isa = PBXResourcesBuildPhase;
			buildActionMask = 2147483647;
			files = (
				28359EE119D7DFB700BA87AF /* Main.storyboard in Resources */,
				28359EE319D7DFB700BA87AF /* Images.xcassets in Resources */,
			);
			runOnlyForDeploymentPostprocessing = 0;
		};
		28359EE619D7DFB700BA87AF /* Resources */ = {
			isa = PBXResourcesBuildPhase;
			buildActionMask = 2147483647;
			files = (
			);
			runOnlyForDeploymentPostprocessing = 0;
		};
/* End PBXResourcesBuildPhase section */

/* Begin PBXSourcesBuildPhase section */
		28359ED219D7DFB700BA87AF /* Sources */ = {
			isa = PBXSourcesBuildPhase;
			buildActionMask = 2147483647;
			files = (
				28359EDE19D7DFB700BA87AF /* ViewController.swift in Sources */,
				28359EDC19D7DFB700BA87AF /* AppDelegate.swift in Sources */,
			);
			runOnlyForDeploymentPostprocessing = 0;
		};
		28359EE419D7DFB700BA87AF /* Sources */ = {
			isa = PBXSourcesBuildPhase;
			buildActionMask = 2147483647;
			files = (
				28359EEF19D7DFB700BA87AF /* SwiftTableVieweTests.swift in Sources */,
			);
			runOnlyForDeploymentPostprocessing = 0;
		};
/* End PBXSourcesBuildPhase section */

/* Begin PBXTargetDependency section */
		28359EEA19D7DFB700BA87AF /* PBXTargetDependency */ = {
			isa = PBXTargetDependency;
			target = 28359ED519D7DFB700BA87AF /* SwiftTableViewe */;
			targetProxy = 28359EE919D7DFB700BA87AF /* PBXContainerItemProxy */;
		};
/* End PBXTargetDependency section */

/* Begin PBXVariantGroup section */
		28359EDF19D7DFB700BA87AF /* Main.storyboard */ = {
			isa = PBXVariantGroup;
			children = (
				28359EE019D7DFB700BA87AF /* Base */,
			);
			name = Main.storyboard;
			sourceTree = "<group>";
		};
/* End PBXVariantGroup section */

/* Begin XCBuildConfiguration section */
		28359EF019D7DFB700BA87AF /* Debug */ = {
			isa = XCBuildConfiguration;
			buildSettings = {
				ALWAYS_SEARCH_USER_PATHS = NO;
				CLANG_CXX_LANGUAGE_STANDARD = "gnu++0x";
				CLANG_CXX_LIBRARY = "libc++";
				CLANG_ENABLE_MODULES = YES;
				CLANG_ENABLE_OBJC_ARC = YES;
				CLANG_WARN_BOOL_CONVERSION = YES;
				CLANG_WARN_CONSTANT_CONVERSION = YES;
				CLANG_WARN_DIRECT_OBJC_ISA_USAGE = YES_ERROR;
				CLANG_WARN_EMPTY_BODY = YES;
				CLANG_WARN_ENUM_CONVERSION = YES;
				CLANG_WARN_INT_CONVERSION = YES;
				CLANG_WARN_OBJC_ROOT_CLASS = YES_ERROR;
				CLANG_WARN_UNREACHABLE_CODE = YES;
				CLANG_WARN__DUPLICATE_METHOD_MATCH = YES;
				"CODE_SIGN_IDENTITY[sdk=iphoneos*]" = "iPhone Developer";
				COPY_PHASE_STRIP = NO;
				ENABLE_STRICT_OBJC_MSGSEND = YES;
				GCC_C_LANGUAGE_STANDARD = gnu99;
				GCC_DYNAMIC_NO_PIC = NO;
				GCC_OPTIMIZATION_LEVEL = 0;
				GCC_PREPROCESSOR_DEFINITIONS = (
					"DEBUG=1",
					"$(inherited)",
				);
				GCC_SYMBOLS_PRIVATE_EXTERN = NO;
				GCC_WARN_64_TO_32_BIT_CONVERSION = YES;
				GCC_WARN_ABOUT_RETURN_TYPE = YES_ERROR;
				GCC_WARN_UNDECLARED_SELECTOR = YES;
				GCC_WARN_UNINITIALIZED_AUTOS = YES_AGGRESSIVE;
				GCC_WARN_UNUSED_FUNCTION = YES;
				GCC_WARN_UNUSED_VARIABLE = YES;
				IPHONEOS_DEPLOYMENT_TARGET = 8.0;
				METAL_ENABLE_DEBUG_INFO = YES;
				ONLY_ACTIVE_ARCH = YES;
				SDKROOT = iphoneos;
				SWIFT_OPTIMIZATION_LEVEL = "-Onone";
			};
			name = Debug;
		};
		28359EF119D7DFB700BA87AF /* Release */ = {
			isa = XCBuildConfiguration;
			buildSettings = {
				ALWAYS_SEARCH_USER_PATHS = NO;
				CLANG_CXX_LANGUAGE_STANDARD = "gnu++0x";
				CLANG_CXX_LIBRARY = "libc++";
				CLANG_ENABLE_MODULES = YES;
				CLANG_ENABLE_OBJC_ARC = YES;
				CLANG_WARN_BOOL_CONVERSION = YES;
				CLANG_WARN_CONSTANT_CONVERSION = YES;
				CLANG_WARN_DIRECT_OBJC_ISA_USAGE = YES_ERROR;
				CLANG_WARN_EMPTY_BODY = YES;
				CLANG_WARN_ENUM_CONVERSION = YES;
				CLANG_WARN_INT_CONVERSION = YES;
				CLANG_WARN_OBJC_ROOT_CLASS = YES_ERROR;
				CLANG_WARN_UNREACHABLE_CODE = YES;
				CLANG_WARN__DUPLICATE_METHOD_MATCH = YES;
				"CODE_SIGN_IDENTITY[sdk=iphoneos*]" = "iPhone Developer";
				COPY_PHASE_STRIP = YES;
				ENABLE_NS_ASSERTIONS = NO;
				ENABLE_STRICT_OBJC_MSGSEND = YES;
				GCC_C_LANGUAGE_STANDARD = gnu99;
				GCC_WARN_64_TO_32_BIT_CONVERSION = YES;
				GCC_WARN_ABOUT_RETURN_TYPE = YES_ERROR;
				GCC_WARN_UNDECLARED_SELECTOR = YES;
				GCC_WARN_UNINITIALIZED_AUTOS = YES_AGGRESSIVE;
				GCC_WARN_UNUSED_FUNCTION = YES;
				GCC_WARN_UNUSED_VARIABLE = YES;
				IPHONEOS_DEPLOYMENT_TARGET = 8.0;
				METAL_ENABLE_DEBUG_INFO = NO;
				SDKROOT = iphoneos;
				VALIDATE_PRODUCT = YES;
			};
			name = Release;
		};
		28359EF319D7DFB700BA87AF /* Debug */ = {
			isa = XCBuildConfiguration;
			buildSettings = {
				ASSETCATALOG_COMPILER_APPICON_NAME = AppIcon;
				ASSETCATALOG_COMPILER_LAUNCHIMAGE_NAME = LaunchImage;
				INFOPLIST_FILE = SwiftTableViewe/Info.plist;
				LD_RUNPATH_SEARCH_PATHS = "$(inherited) @executable_path/Frameworks";
				PRODUCT_NAME = "$(TARGET_NAME)";
			};
			name = Debug;
		};
		28359EF419D7DFB700BA87AF /* Release */ = {
			isa = XCBuildConfiguration;
			buildSettings = {
				ASSETCATALOG_COMPILER_APPICON_NAME = AppIcon;
				ASSETCATALOG_COMPILER_LAUNCHIMAGE_NAME = LaunchImage;
				INFOPLIST_FILE = SwiftTableViewe/Info.plist;
				LD_RUNPATH_SEARCH_PATHS = "$(inherited) @executable_path/Frameworks";
				PRODUCT_NAME = "$(TARGET_NAME)";
			};
			name = Release;
		};
		28359EF619D7DFB700BA87AF /* Debug */ = {
			isa = XCBuildConfiguration;
			buildSettings = {
				BUNDLE_LOADER = "$(BUILT_PRODUCTS_DIR)/SwiftTableViewe.app/SwiftTableViewe";
				FRAMEWORK_SEARCH_PATHS = (
					"$(SDKROOT)/Developer/Library/Frameworks",
					"$(inherited)",
				);
				GCC_PREPROCESSOR_DEFINITIONS = (
					"DEBUG=1",
					"$(inherited)",
				);
				INFOPLIST_FILE = SwiftTableVieweTests/Info.plist;
				LD_RUNPATH_SEARCH_PATHS = "$(inherited) @executable_path/Frameworks @loader_path/Frameworks";
				METAL_ENABLE_DEBUG_INFO = YES;
				PRODUCT_NAME = "$(TARGET_NAME)";
				TEST_HOST = "$(BUNDLE_LOADER)";
			};
			name = Debug;
		};
		28359EF719D7DFB700BA87AF /* Release */ = {
			isa = XCBuildConfiguration;
			buildSettings = {
				BUNDLE_LOADER = "$(BUILT_PRODUCTS_DIR)/SwiftTableViewe.app/SwiftTableViewe";
				FRAMEWORK_SEARCH_PATHS = (
					"$(SDKROOT)/Developer/Library/Frameworks",
					"$(inherited)",
				);
				INFOPLIST_FILE = SwiftTableVieweTests/Info.plist;
				LD_RUNPATH_SEARCH_PATHS = "$(inherited) @executable_path/Frameworks @loader_path/Frameworks";
				METAL_ENABLE_DEBUG_INFO = NO;
				PRODUCT_NAME = "$(TARGET_NAME)";
				TEST_HOST = "$(BUNDLE_LOADER)";
			};
			name = Release;
		};
/* End XCBuildConfiguration section */

/* Begin XCConfigurationList section */
		28359ED119D7DFB700BA87AF /* Build configuration list for PBXProject "SwiftTableViewe" */ = {
			isa = XCConfigurationList;
			buildConfigurations = (
				28359EF019D7DFB700BA87AF /* Debug */,
				28359EF119D7DFB700BA87AF /* Release */,
			);
			defaultConfigurationIsVisible = 0;
			defaultConfigurationName = Release;
		};
		28359EF219D7DFB700BA87AF /* Build configuration list for PBXNativeTarget "SwiftTableViewe" */ = {
			isa = XCConfigurationList;
			buildConfigurations = (
				28359EF319D7DFB700BA87AF /* Debug */,
				28359EF419D7DFB700BA87AF /* Release */,
			);
			defaultConfigurationIsVisible = 0;
		};
		28359EF519D7DFB700BA87AF /* Build configuration list for PBXNativeTarget "SwiftTableVieweTests" */ = {
			isa = XCConfigurationList;
			buildConfigurations = (
				28359EF619D7DFB700BA87AF /* Debug */,
				28359EF719D7DFB700BA87AF /* Release */,
			);
			defaultConfigurationIsVisible = 0;
		};
/* End XCConfigurationList section */
	};
	rootObject = 28359ECE19D7DFB700BA87AF /* Project object */;
}
